// !$*UTF8*$!
{
	archiveVersion = 1;
	classes = {
	};
	objectVersion = 55;
	objects = {

/* Begin PBXBuildFile section */
		E70E28CE28D21B98001A756A /* MerchantViewModel.swift in Sources */ = {isa = PBXBuildFile; fileRef = E70E28CD28D21B98001A756A /* MerchantViewModel.swift */; };
		E70E28D028D21DAE001A756A /* MerchantMenu.swift in Sources */ = {isa = PBXBuildFile; fileRef = E70E28CF28D21DAE001A756A /* MerchantMenu.swift */; };
		E70E28D228D21E48001A756A /* MerchantProduct.swift in Sources */ = {isa = PBXBuildFile; fileRef = E70E28D128D21E48001A756A /* MerchantProduct.swift */; };
		E70E28D628D21FA7001A756A /* GetMenuResponse.swift in Sources */ = {isa = PBXBuildFile; fileRef = E70E28D528D21FA7001A756A /* GetMenuResponse.swift */; };
		E70E28D828D21FB1001A756A /* GetProductResponse.swift in Sources */ = {isa = PBXBuildFile; fileRef = E70E28D728D21FB1001A756A /* GetProductResponse.swift */; };
		E715459228CF705E00B342ED /* TitleHeaderTableCell.swift in Sources */ = {isa = PBXBuildFile; fileRef = E715459128CF705E00B342ED /* TitleHeaderTableCell.swift */; };
		E715459428CF708A00B342ED /* TitleHeaderTableCell.xib in Resources */ = {isa = PBXBuildFile; fileRef = E715459328CF708A00B342ED /* TitleHeaderTableCell.xib */; };
		E715459728CF7D5D00B342ED /* HomeBannerTableViewCell.swift in Sources */ = {isa = PBXBuildFile; fileRef = E715459528CF7D5D00B342ED /* HomeBannerTableViewCell.swift */; };
		E715459828CF7D5D00B342ED /* HomeBannerTableViewCell.xib in Resources */ = {isa = PBXBuildFile; fileRef = E715459628CF7D5D00B342ED /* HomeBannerTableViewCell.xib */; };
		E715459A28CF848000B342ED /* HomeBanner.swift in Sources */ = {isa = PBXBuildFile; fileRef = E715459928CF848000B342ED /* HomeBanner.swift */; };
		E715459C28CF892700B342ED /* GetHomeBannerResponse.swift in Sources */ = {isa = PBXBuildFile; fileRef = E715459B28CF892700B342ED /* GetHomeBannerResponse.swift */; };
		E71545A028CF939E00B342ED /* MerchantViewController.swift in Sources */ = {isa = PBXBuildFile; fileRef = E715459E28CF939E00B342ED /* MerchantViewController.swift */; };
		E71545A128CF939E00B342ED /* MerchantViewController.xib in Resources */ = {isa = PBXBuildFile; fileRef = E715459F28CF939E00B342ED /* MerchantViewController.xib */; };
		E72AD02C28D3567C002484FF /* ProductItemCell.swift in Sources */ = {isa = PBXBuildFile; fileRef = E72AD02A28D3567C002484FF /* ProductItemCell.swift */; };
		E72AD02D28D3567C002484FF /* ProductItemCell.xib in Resources */ = {isa = PBXBuildFile; fileRef = E72AD02B28D3567C002484FF /* ProductItemCell.xib */; };
		E72AD02F28D37913002484FF /* GPSUtils.swift in Sources */ = {isa = PBXBuildFile; fileRef = E72AD02E28D37913002484FF /* GPSUtils.swift */; };
		E7331F5A28D03DA700B07F96 /* MerchantInfoCell.swift in Sources */ = {isa = PBXBuildFile; fileRef = E7331F5828D03DA700B07F96 /* MerchantInfoCell.swift */; };
		E7331F5B28D03DA700B07F96 /* MerchantInfoCell.xib in Resources */ = {isa = PBXBuildFile; fileRef = E7331F5928D03DA700B07F96 /* MerchantInfoCell.xib */; };
		E7331F8228D0C5FE00B07F96 /* ChipCollectionView.swift in Sources */ = {isa = PBXBuildFile; fileRef = E7331F8128D0C5FE00B07F96 /* ChipCollectionView.swift */; };
		E7331F8628D0C77C00B07F96 /* Chip.swift in Sources */ = {isa = PBXBuildFile; fileRef = E7331F8528D0C77C00B07F96 /* Chip.swift */; };
		E7331F8D28D0E5B700B07F96 /* ChipCell.swift in Sources */ = {isa = PBXBuildFile; fileRef = E7331F8B28D0E5B700B07F96 /* ChipCell.swift */; };
		E7331F8E28D0E5B700B07F96 /* ChipCell.xib in Resources */ = {isa = PBXBuildFile; fileRef = E7331F8C28D0E5B700B07F96 /* ChipCell.xib */; };
		E733F03528D8BBB0009E5DF2 /* CartDetailViewController.swift in Sources */ = {isa = PBXBuildFile; fileRef = E733F03328D8BBB0009E5DF2 /* CartDetailViewController.swift */; };
		E733F03628D8BBB0009E5DF2 /* CartDetailViewController.xib in Resources */ = {isa = PBXBuildFile; fileRef = E733F03428D8BBB0009E5DF2 /* CartDetailViewController.xib */; };
		E733F03828D8C12A009E5DF2 /* CartDetailViewModel.swift in Sources */ = {isa = PBXBuildFile; fileRef = E733F03728D8C12A009E5DF2 /* CartDetailViewModel.swift */; };
		E733F03C28D8C3D8009E5DF2 /* OrderedProductCell.swift in Sources */ = {isa = PBXBuildFile; fileRef = E733F03A28D8C3D8009E5DF2 /* OrderedProductCell.swift */; };
		E733F03D28D8C3D8009E5DF2 /* OrderedProductCell.xib in Resources */ = {isa = PBXBuildFile; fileRef = E733F03B28D8C3D8009E5DF2 /* OrderedProductCell.xib */; };
		E7372F9C28CE3FB90033E3E4 /* HomeSectionFooterView.swift in Sources */ = {isa = PBXBuildFile; fileRef = E7372F9A28CE3FB90033E3E4 /* HomeSectionFooterView.swift */; };
		E7372F9D28CE3FB90033E3E4 /* HomeSectionFooterView.xib in Resources */ = {isa = PBXBuildFile; fileRef = E7372F9B28CE3FB90033E3E4 /* HomeSectionFooterView.xib */; };
		E7372FA028CE49380033E3E4 /* MerchantItemTableViewCell.swift in Sources */ = {isa = PBXBuildFile; fileRef = E7372F9E28CE49380033E3E4 /* MerchantItemTableViewCell.swift */; };
		E7372FA128CE49380033E3E4 /* MerchantItemTableViewCell.xib in Resources */ = {isa = PBXBuildFile; fileRef = E7372F9F28CE49380033E3E4 /* MerchantItemTableViewCell.xib */; };
		E7372FA328CE575A0033E3E4 /* Double+.swift in Sources */ = {isa = PBXBuildFile; fileRef = E7372FA228CE575A0033E3E4 /* Double+.swift */; };
		E750DA6928A168E100B3E345 /* UserDataDefaults.swift in Sources */ = {isa = PBXBuildFile; fileRef = E750DA6828A168E100B3E345 /* UserDataDefaults.swift */; };
		E750DA6B28A1697B00B3E345 /* Optional+.swift in Sources */ = {isa = PBXBuildFile; fileRef = E750DA6A28A1697B00B3E345 /* Optional+.swift */; };
		E750DA6D28A16A8D00B3E345 /* FPNetwork.swift in Sources */ = {isa = PBXBuildFile; fileRef = E750DA6C28A16A8D00B3E345 /* FPNetwork.swift */; };
		E750DA6F28A16CFA00B3E345 /* ServiceUrl.swift in Sources */ = {isa = PBXBuildFile; fileRef = E750DA6E28A16CFA00B3E345 /* ServiceUrl.swift */; };
		E750DA7128A16E0500B3E345 /* String+.swift in Sources */ = {isa = PBXBuildFile; fileRef = E750DA7028A16E0500B3E345 /* String+.swift */; };
		E750DA7328A1703200B3E345 /* FPBaseResponse.swift in Sources */ = {isa = PBXBuildFile; fileRef = E750DA7228A1703200B3E345 /* FPBaseResponse.swift */; };
		E750DA7528A1730A00B3E345 /* NotificationName+.swift in Sources */ = {isa = PBXBuildFile; fileRef = E750DA7428A1730A00B3E345 /* NotificationName+.swift */; };
		E750DA7728A1781100B3E345 /* NetworkError.swift in Sources */ = {isa = PBXBuildFile; fileRef = E750DA7628A1781100B3E345 /* NetworkError.swift */; };
		E75AD70228DA0306007D1C2F /* CheckInViewController.swift in Sources */ = {isa = PBXBuildFile; fileRef = E75AD70028DA0306007D1C2F /* CheckInViewController.swift */; };
		E75AD70328DA0306007D1C2F /* CheckInViewController.xib in Resources */ = {isa = PBXBuildFile; fileRef = E75AD70128DA0306007D1C2F /* CheckInViewController.xib */; };
		E75AD70728DA0351007D1C2F /* CheckInAddressCell.swift in Sources */ = {isa = PBXBuildFile; fileRef = E75AD70528DA0351007D1C2F /* CheckInAddressCell.swift */; };
		E75AD70828DA0351007D1C2F /* CheckInAddressCell.xib in Resources */ = {isa = PBXBuildFile; fileRef = E75AD70628DA0351007D1C2F /* CheckInAddressCell.xib */; };
		E75AD70A28DA13D7007D1C2F /* CheckInViewModel.swift in Sources */ = {isa = PBXBuildFile; fileRef = E75AD70928DA13D7007D1C2F /* CheckInViewModel.swift */; };
		E75AD70D28DA2280007D1C2F /* PaymentDetailCell.swift in Sources */ = {isa = PBXBuildFile; fileRef = E75AD70B28DA2280007D1C2F /* PaymentDetailCell.swift */; };
		E75AD70E28DA2280007D1C2F /* PaymentDetailCell.xib in Resources */ = {isa = PBXBuildFile; fileRef = E75AD70C28DA2280007D1C2F /* PaymentDetailCell.xib */; };
		E77952CF289FC906003771BE /* AppDelegate.swift in Sources */ = {isa = PBXBuildFile; fileRef = E77952CE289FC906003771BE /* AppDelegate.swift */; };
		E77952D1289FC906003771BE /* SceneDelegate.swift in Sources */ = {isa = PBXBuildFile; fileRef = E77952D0289FC906003771BE /* SceneDelegate.swift */; };
		E77952D3289FC906003771BE /* HomeViewController.swift in Sources */ = {isa = PBXBuildFile; fileRef = E77952D2289FC906003771BE /* HomeViewController.swift */; };
		E77952D6289FC906003771BE /* Main.storyboard in Resources */ = {isa = PBXBuildFile; fileRef = E77952D4289FC906003771BE /* Main.storyboard */; };
		E77952D8289FC908003771BE /* Assets.xcassets in Resources */ = {isa = PBXBuildFile; fileRef = E77952D7289FC908003771BE /* Assets.xcassets */; };
		E77952DB289FC908003771BE /* LaunchScreen.storyboard in Resources */ = {isa = PBXBuildFile; fileRef = E77952D9289FC908003771BE /* LaunchScreen.storyboard */; };
		E77952EE289FDED6003771BE /* UIViewController+.swift in Sources */ = {isa = PBXBuildFile; fileRef = E77952ED289FDED6003771BE /* UIViewController+.swift */; };
		E77952F0289FDF51003771BE /* UITableView+.swift in Sources */ = {isa = PBXBuildFile; fileRef = E77952EF289FDF51003771BE /* UITableView+.swift */; };
		E77952F2289FDFD2003771BE /* UIView+.swift in Sources */ = {isa = PBXBuildFile; fileRef = E77952F1289FDFD2003771BE /* UIView+.swift */; };
		E779E79D28C787CA0047026B /* FPViewController.swift in Sources */ = {isa = PBXBuildFile; fileRef = E779E79C28C787CA0047026B /* FPViewController.swift */; };
		E779E79F28C787DB0047026B /* FPViewModel.swift in Sources */ = {isa = PBXBuildFile; fileRef = E779E79E28C787DB0047026B /* FPViewModel.swift */; };
		E779E7A228C788460047026B /* HomeViewModel.swift in Sources */ = {isa = PBXBuildFile; fileRef = E779E7A128C788460047026B /* HomeViewModel.swift */; };
		E779E7A528C789660047026B /* GetNearbyMerchantResponse.swift in Sources */ = {isa = PBXBuildFile; fileRef = E779E7A428C789660047026B /* GetNearbyMerchantResponse.swift */; };
		E779E7A828C789E30047026B /* ProductCategory.swift in Sources */ = {isa = PBXBuildFile; fileRef = E779E7A728C789E30047026B /* ProductCategory.swift */; };
		E779E7AA28C78ACC0047026B /* HomeSection.swift in Sources */ = {isa = PBXBuildFile; fileRef = E779E7A928C78ACC0047026B /* HomeSection.swift */; };
		E779E7AC28C78B200047026B /* MerchantItem.swift in Sources */ = {isa = PBXBuildFile; fileRef = E779E7AB28C78B200047026B /* MerchantItem.swift */; };
		E779E7B028C78B930047026B /* FPAddress.swift in Sources */ = {isa = PBXBuildFile; fileRef = E779E7AF28C78B930047026B /* FPAddress.swift */; };
		E779E7B228C78C9A0047026B /* ResponseCode.swift in Sources */ = {isa = PBXBuildFile; fileRef = E779E7B128C78C9A0047026B /* ResponseCode.swift */; };
		E779E7B428C790500047026B /* FPLocation.swift in Sources */ = {isa = PBXBuildFile; fileRef = E779E7B328C790500047026B /* FPLocation.swift */; };
		E779E7B628C7A5F20047026B /* Endpoints.swift in Sources */ = {isa = PBXBuildFile; fileRef = E779E7B528C7A5F20047026B /* Endpoints.swift */; };
		E786B5E728CA433E00EE1849 /* UIEncodable+.swift in Sources */ = {isa = PBXBuildFile; fileRef = E786B5E628CA433E00EE1849 /* UIEncodable+.swift */; };
		E786B5E928CA4C6B00EE1849 /* Rx+.swift in Sources */ = {isa = PBXBuildFile; fileRef = E786B5E828CA4C6B00EE1849 /* Rx+.swift */; };
		E786B5EB28CA4DC500EE1849 /* GetUserCurrentLocationResponse.swift in Sources */ = {isa = PBXBuildFile; fileRef = E786B5EA28CA4DC500EE1849 /* GetUserCurrentLocationResponse.swift */; };
		E78EF7A628D562FC00F50053 /* ProductInfoCell.swift in Sources */ = {isa = PBXBuildFile; fileRef = E78EF7A428D562FC00F50053 /* ProductInfoCell.swift */; };
		E78EF7A728D562FC00F50053 /* ProductInfoCell.xib in Resources */ = {isa = PBXBuildFile; fileRef = E78EF7A528D562FC00F50053 /* ProductInfoCell.xib */; };
		E78EF7C728D5D54200F50053 /* ProductAttributeHeader.swift in Sources */ = {isa = PBXBuildFile; fileRef = E78EF7C628D5D54200F50053 /* ProductAttributeHeader.swift */; };
		E78EF7C928D5D55600F50053 /* ProductAttributeHeader.xib in Resources */ = {isa = PBXBuildFile; fileRef = E78EF7C828D5D55600F50053 /* ProductAttributeHeader.xib */; };
		E78EF7CB28D5EA8C00F50053 /* UserCart.swift in Sources */ = {isa = PBXBuildFile; fileRef = E78EF7CA28D5EA8C00F50053 /* UserCart.swift */; };
		E78EF7CE28D60F7900F50053 /* ProductOptionCell.swift in Sources */ = {isa = PBXBuildFile; fileRef = E78EF7CC28D60F7900F50053 /* ProductOptionCell.swift */; };
		E78EF7CF28D60F7900F50053 /* ProductOptionCell.xib in Resources */ = {isa = PBXBuildFile; fileRef = E78EF7CD28D60F7900F50053 /* ProductOptionCell.xib */; };
		E78EF7D128D6365500F50053 /* UIColor+.swift in Sources */ = {isa = PBXBuildFile; fileRef = E78EF7D028D6365500F50053 /* UIColor+.swift */; };
		E79D13F828A2A35800456710 /* LoginResponse.swift in Sources */ = {isa = PBXBuildFile; fileRef = E79D13F728A2A35800456710 /* LoginResponse.swift */; };
		E7B02DAC28D4DF3000CE8D30 /* ProductDetailViewController.swift in Sources */ = {isa = PBXBuildFile; fileRef = E7B02DAA28D4DF3000CE8D30 /* ProductDetailViewController.swift */; };
		E7B02DAD28D4DF3000CE8D30 /* ProductDetailViewController.xib in Resources */ = {isa = PBXBuildFile; fileRef = E7B02DAB28D4DF3000CE8D30 /* ProductDetailViewController.xib */; };
		E7B02DAF28D4E2CE00CE8D30 /* ProductDetailViewModel.swift in Sources */ = {isa = PBXBuildFile; fileRef = E7B02DAE28D4E2CE00CE8D30 /* ProductDetailViewModel.swift */; };
		E7BF448428C503410025D5CE /* Auth.storyboard in Resources */ = {isa = PBXBuildFile; fileRef = E7BF448328C503410025D5CE /* Auth.storyboard */; };
		E7BF448628C503980025D5CE /* LoginViewController.swift in Sources */ = {isa = PBXBuildFile; fileRef = E7BF448528C503980025D5CE /* LoginViewController.swift */; };
		E7BF448828C503A80025D5CE /* LoginViewModel.swift in Sources */ = {isa = PBXBuildFile; fileRef = E7BF448728C503A80025D5CE /* LoginViewModel.swift */; };
		E7BF448B28C50B140025D5CE /* UIStoryboard+.swift in Sources */ = {isa = PBXBuildFile; fileRef = E7BF448A28C50B140025D5CE /* UIStoryboard+.swift */; };
		E7BF449728C50DA30025D5CE /* UIApplication+.swift in Sources */ = {isa = PBXBuildFile; fileRef = E7BF449628C50DA30025D5CE /* UIApplication+.swift */; };
		E7C6F5E328D71FA9007382BC /* ItemNumView.swift in Sources */ = {isa = PBXBuildFile; fileRef = E7C6F5E228D71FA9007382BC /* ItemNumView.swift */; };
		E7C6F5E528D71FD6007382BC /* ItemNumView.xib in Resources */ = {isa = PBXBuildFile; fileRef = E7C6F5E428D71FD6007382BC /* ItemNumView.xib */; };
		E7C8D7FA28CC9F6500E2DD2F /* ProductCategoryCollectionCell.xib in Resources */ = {isa = PBXBuildFile; fileRef = E7C8D7F828CC9F6500E2DD2F /* ProductCategoryCollectionCell.xib */; };
		E7C8D7FB28CC9F6500E2DD2F /* ProductCategoryCollectionCell.swift in Sources */ = {isa = PBXBuildFile; fileRef = E7C8D7F928CC9F6500E2DD2F /* ProductCategoryCollectionCell.swift */; };
		E7C8D7FE28CC9F9F00E2DD2F /* ProductCategoryCell.xib in Resources */ = {isa = PBXBuildFile; fileRef = E7C8D7FC28CC9F9E00E2DD2F /* ProductCategoryCell.xib */; };
		E7C8D7FF28CC9F9F00E2DD2F /* ProductCategoryCell.swift in Sources */ = {isa = PBXBuildFile; fileRef = E7C8D7FD28CC9F9F00E2DD2F /* ProductCategoryCell.swift */; };
		E7C8D80128CCA4F300E2DD2F /* UICollectionView+.swift in Sources */ = {isa = PBXBuildFile; fileRef = E7C8D80028CCA4F300E2DD2F /* UICollectionView+.swift */; };
		E7C8D80328CCA67D00E2DD2F /* Draft.swift in Sources */ = {isa = PBXBuildFile; fileRef = E7C8D80228CCA67D00E2DD2F /* Draft.swift */; };
		E7C8D80628CDFA2D00E2DD2F /* HomeSectionCell.swift in Sources */ = {isa = PBXBuildFile; fileRef = E7C8D80428CDFA2D00E2DD2F /* HomeSectionCell.swift */; };
		E7C8D80728CDFA2D00E2DD2F /* HomeSectionCell.xib in Resources */ = {isa = PBXBuildFile; fileRef = E7C8D80528CDFA2D00E2DD2F /* HomeSectionCell.xib */; };
		E7C8D80A28CDFD8E00E2DD2F /* MerchantItemCVCell.swift in Sources */ = {isa = PBXBuildFile; fileRef = E7C8D80828CDFD8E00E2DD2F /* MerchantItemCVCell.swift */; };
		E7C8D80B28CDFD8E00E2DD2F /* MerchantItemCVCell.xib in Resources */ = {isa = PBXBuildFile; fileRef = E7C8D80928CDFD8E00E2DD2F /* MerchantItemCVCell.xib */; };
		E7DC71B828CAF90D00F4E421 /* GetCategoriesResponse.swift in Sources */ = {isa = PBXBuildFile; fileRef = E7DC71B728CAF90D00F4E421 /* GetCategoriesResponse.swift */; };
		E7DC71BA28CAF96A00F4E421 /* GetHomeSectionResponse.swift in Sources */ = {isa = PBXBuildFile; fileRef = E7DC71B928CAF96A00F4E421 /* GetHomeSectionResponse.swift */; };
		E7DC71BC28CB177B00F4E421 /* UserRepo.swift in Sources */ = {isa = PBXBuildFile; fileRef = E7DC71BB28CB177B00F4E421 /* UserRepo.swift */; };
		F64192AFF4C2C4AA7DC42E70 /* Pods_FPEU.framework in Frameworks */ = {isa = PBXBuildFile; fileRef = D41C2D0B5E0DA5ED4684FF77 /* Pods_FPEU.framework */; };
/* End PBXBuildFile section */

/* Begin PBXFileReference section */
		893BE6A203F565647045C9B5 /* Pods-FPEU.debug.xcconfig */ = {isa = PBXFileReference; includeInIndex = 1; lastKnownFileType = text.xcconfig; name = "Pods-FPEU.debug.xcconfig"; path = "Target Support Files/Pods-FPEU/Pods-FPEU.debug.xcconfig"; sourceTree = "<group>"; };
		B331BAD539145C2923AFB432 /* Pods-FPEU.release.xcconfig */ = {isa = PBXFileReference; includeInIndex = 1; lastKnownFileType = text.xcconfig; name = "Pods-FPEU.release.xcconfig"; path = "Target Support Files/Pods-FPEU/Pods-FPEU.release.xcconfig"; sourceTree = "<group>"; };
		D41C2D0B5E0DA5ED4684FF77 /* Pods_FPEU.framework */ = {isa = PBXFileReference; explicitFileType = wrapper.framework; includeInIndex = 0; path = Pods_FPEU.framework; sourceTree = BUILT_PRODUCTS_DIR; };
		E70E28CD28D21B98001A756A /* MerchantViewModel.swift */ = {isa = PBXFileReference; lastKnownFileType = sourcecode.swift; path = MerchantViewModel.swift; sourceTree = "<group>"; };
		E70E28CF28D21DAE001A756A /* MerchantMenu.swift */ = {isa = PBXFileReference; lastKnownFileType = sourcecode.swift; path = MerchantMenu.swift; sourceTree = "<group>"; };
		E70E28D128D21E48001A756A /* MerchantProduct.swift */ = {isa = PBXFileReference; lastKnownFileType = sourcecode.swift; path = MerchantProduct.swift; sourceTree = "<group>"; };
		E70E28D528D21FA7001A756A /* GetMenuResponse.swift */ = {isa = PBXFileReference; lastKnownFileType = sourcecode.swift; path = GetMenuResponse.swift; sourceTree = "<group>"; };
		E70E28D728D21FB1001A756A /* GetProductResponse.swift */ = {isa = PBXFileReference; lastKnownFileType = sourcecode.swift; path = GetProductResponse.swift; sourceTree = "<group>"; };
		E715459128CF705E00B342ED /* TitleHeaderTableCell.swift */ = {isa = PBXFileReference; lastKnownFileType = sourcecode.swift; path = TitleHeaderTableCell.swift; sourceTree = "<group>"; };
		E715459328CF708A00B342ED /* TitleHeaderTableCell.xib */ = {isa = PBXFileReference; lastKnownFileType = file.xib; path = TitleHeaderTableCell.xib; sourceTree = "<group>"; };
		E715459528CF7D5D00B342ED /* HomeBannerTableViewCell.swift */ = {isa = PBXFileReference; lastKnownFileType = sourcecode.swift; path = HomeBannerTableViewCell.swift; sourceTree = "<group>"; };
		E715459628CF7D5D00B342ED /* HomeBannerTableViewCell.xib */ = {isa = PBXFileReference; lastKnownFileType = file.xib; path = HomeBannerTableViewCell.xib; sourceTree = "<group>"; };
		E715459928CF848000B342ED /* HomeBanner.swift */ = {isa = PBXFileReference; lastKnownFileType = sourcecode.swift; path = HomeBanner.swift; sourceTree = "<group>"; };
		E715459B28CF892700B342ED /* GetHomeBannerResponse.swift */ = {isa = PBXFileReference; lastKnownFileType = sourcecode.swift; path = GetHomeBannerResponse.swift; sourceTree = "<group>"; };
		E715459E28CF939E00B342ED /* MerchantViewController.swift */ = {isa = PBXFileReference; lastKnownFileType = sourcecode.swift; path = MerchantViewController.swift; sourceTree = "<group>"; };
		E715459F28CF939E00B342ED /* MerchantViewController.xib */ = {isa = PBXFileReference; lastKnownFileType = file.xib; path = MerchantViewController.xib; sourceTree = "<group>"; };
		E72AD02A28D3567C002484FF /* ProductItemCell.swift */ = {isa = PBXFileReference; lastKnownFileType = sourcecode.swift; path = ProductItemCell.swift; sourceTree = "<group>"; };
		E72AD02B28D3567C002484FF /* ProductItemCell.xib */ = {isa = PBXFileReference; lastKnownFileType = file.xib; path = ProductItemCell.xib; sourceTree = "<group>"; };
		E72AD02E28D37913002484FF /* GPSUtils.swift */ = {isa = PBXFileReference; lastKnownFileType = sourcecode.swift; path = GPSUtils.swift; sourceTree = "<group>"; };
		E7331F5828D03DA700B07F96 /* MerchantInfoCell.swift */ = {isa = PBXFileReference; lastKnownFileType = sourcecode.swift; path = MerchantInfoCell.swift; sourceTree = "<group>"; };
		E7331F5928D03DA700B07F96 /* MerchantInfoCell.xib */ = {isa = PBXFileReference; lastKnownFileType = file.xib; path = MerchantInfoCell.xib; sourceTree = "<group>"; };
		E7331F8128D0C5FE00B07F96 /* ChipCollectionView.swift */ = {isa = PBXFileReference; lastKnownFileType = sourcecode.swift; path = ChipCollectionView.swift; sourceTree = "<group>"; };
		E7331F8528D0C77C00B07F96 /* Chip.swift */ = {isa = PBXFileReference; lastKnownFileType = sourcecode.swift; path = Chip.swift; sourceTree = "<group>"; };
		E7331F8B28D0E5B700B07F96 /* ChipCell.swift */ = {isa = PBXFileReference; lastKnownFileType = sourcecode.swift; path = ChipCell.swift; sourceTree = "<group>"; };
		E7331F8C28D0E5B700B07F96 /* ChipCell.xib */ = {isa = PBXFileReference; lastKnownFileType = file.xib; path = ChipCell.xib; sourceTree = "<group>"; };
		E733F03328D8BBB0009E5DF2 /* CartDetailViewController.swift */ = {isa = PBXFileReference; lastKnownFileType = sourcecode.swift; path = CartDetailViewController.swift; sourceTree = "<group>"; };
		E733F03428D8BBB0009E5DF2 /* CartDetailViewController.xib */ = {isa = PBXFileReference; lastKnownFileType = file.xib; path = CartDetailViewController.xib; sourceTree = "<group>"; };
		E733F03728D8C12A009E5DF2 /* CartDetailViewModel.swift */ = {isa = PBXFileReference; lastKnownFileType = sourcecode.swift; path = CartDetailViewModel.swift; sourceTree = "<group>"; };
		E733F03A28D8C3D8009E5DF2 /* OrderedProductCell.swift */ = {isa = PBXFileReference; lastKnownFileType = sourcecode.swift; path = OrderedProductCell.swift; sourceTree = "<group>"; };
		E733F03B28D8C3D8009E5DF2 /* OrderedProductCell.xib */ = {isa = PBXFileReference; lastKnownFileType = file.xib; path = OrderedProductCell.xib; sourceTree = "<group>"; };
		E7372F9A28CE3FB90033E3E4 /* HomeSectionFooterView.swift */ = {isa = PBXFileReference; lastKnownFileType = sourcecode.swift; path = HomeSectionFooterView.swift; sourceTree = "<group>"; };
		E7372F9B28CE3FB90033E3E4 /* HomeSectionFooterView.xib */ = {isa = PBXFileReference; lastKnownFileType = file.xib; path = HomeSectionFooterView.xib; sourceTree = "<group>"; };
		E7372F9E28CE49380033E3E4 /* MerchantItemTableViewCell.swift */ = {isa = PBXFileReference; lastKnownFileType = sourcecode.swift; path = MerchantItemTableViewCell.swift; sourceTree = "<group>"; };
		E7372F9F28CE49380033E3E4 /* MerchantItemTableViewCell.xib */ = {isa = PBXFileReference; lastKnownFileType = file.xib; path = MerchantItemTableViewCell.xib; sourceTree = "<group>"; };
		E7372FA228CE575A0033E3E4 /* Double+.swift */ = {isa = PBXFileReference; lastKnownFileType = sourcecode.swift; path = "Double+.swift"; sourceTree = "<group>"; };
		E750DA6828A168E100B3E345 /* UserDataDefaults.swift */ = {isa = PBXFileReference; lastKnownFileType = sourcecode.swift; path = UserDataDefaults.swift; sourceTree = "<group>"; };
		E750DA6A28A1697B00B3E345 /* Optional+.swift */ = {isa = PBXFileReference; lastKnownFileType = sourcecode.swift; path = "Optional+.swift"; sourceTree = "<group>"; };
		E750DA6C28A16A8D00B3E345 /* FPNetwork.swift */ = {isa = PBXFileReference; lastKnownFileType = sourcecode.swift; path = FPNetwork.swift; sourceTree = "<group>"; };
		E750DA6E28A16CFA00B3E345 /* ServiceUrl.swift */ = {isa = PBXFileReference; lastKnownFileType = sourcecode.swift; path = ServiceUrl.swift; sourceTree = "<group>"; };
		E750DA7028A16E0500B3E345 /* String+.swift */ = {isa = PBXFileReference; lastKnownFileType = sourcecode.swift; path = "String+.swift"; sourceTree = "<group>"; };
		E750DA7228A1703200B3E345 /* FPBaseResponse.swift */ = {isa = PBXFileReference; lastKnownFileType = sourcecode.swift; path = FPBaseResponse.swift; sourceTree = "<group>"; };
		E750DA7428A1730A00B3E345 /* NotificationName+.swift */ = {isa = PBXFileReference; lastKnownFileType = sourcecode.swift; path = "NotificationName+.swift"; sourceTree = "<group>"; };
		E750DA7628A1781100B3E345 /* NetworkError.swift */ = {isa = PBXFileReference; lastKnownFileType = sourcecode.swift; path = NetworkError.swift; sourceTree = "<group>"; };
		E75AD70028DA0306007D1C2F /* CheckInViewController.swift */ = {isa = PBXFileReference; lastKnownFileType = sourcecode.swift; path = CheckInViewController.swift; sourceTree = "<group>"; };
		E75AD70128DA0306007D1C2F /* CheckInViewController.xib */ = {isa = PBXFileReference; lastKnownFileType = file.xib; path = CheckInViewController.xib; sourceTree = "<group>"; };
		E75AD70528DA0351007D1C2F /* CheckInAddressCell.swift */ = {isa = PBXFileReference; lastKnownFileType = sourcecode.swift; path = CheckInAddressCell.swift; sourceTree = "<group>"; };
		E75AD70628DA0351007D1C2F /* CheckInAddressCell.xib */ = {isa = PBXFileReference; lastKnownFileType = file.xib; path = CheckInAddressCell.xib; sourceTree = "<group>"; };
		E75AD70928DA13D7007D1C2F /* CheckInViewModel.swift */ = {isa = PBXFileReference; lastKnownFileType = sourcecode.swift; path = CheckInViewModel.swift; sourceTree = "<group>"; };
		E75AD70B28DA2280007D1C2F /* PaymentDetailCell.swift */ = {isa = PBXFileReference; lastKnownFileType = sourcecode.swift; path = PaymentDetailCell.swift; sourceTree = "<group>"; };
		E75AD70C28DA2280007D1C2F /* PaymentDetailCell.xib */ = {isa = PBXFileReference; lastKnownFileType = file.xib; path = PaymentDetailCell.xib; sourceTree = "<group>"; };
		E77952CB289FC906003771BE /* FPEU.app */ = {isa = PBXFileReference; explicitFileType = wrapper.application; includeInIndex = 0; path = FPEU.app; sourceTree = BUILT_PRODUCTS_DIR; };
		E77952CE289FC906003771BE /* AppDelegate.swift */ = {isa = PBXFileReference; lastKnownFileType = sourcecode.swift; path = AppDelegate.swift; sourceTree = "<group>"; };
		E77952D0289FC906003771BE /* SceneDelegate.swift */ = {isa = PBXFileReference; lastKnownFileType = sourcecode.swift; path = SceneDelegate.swift; sourceTree = "<group>"; };
		E77952D2289FC906003771BE /* HomeViewController.swift */ = {isa = PBXFileReference; lastKnownFileType = sourcecode.swift; path = HomeViewController.swift; sourceTree = "<group>"; };
		E77952D5289FC906003771BE /* Base */ = {isa = PBXFileReference; lastKnownFileType = file.storyboard; name = Base; path = Base.lproj/Main.storyboard; sourceTree = "<group>"; };
		E77952D7289FC908003771BE /* Assets.xcassets */ = {isa = PBXFileReference; lastKnownFileType = folder.assetcatalog; path = Assets.xcassets; sourceTree = "<group>"; };
		E77952DA289FC908003771BE /* Base */ = {isa = PBXFileReference; lastKnownFileType = file.storyboard; name = Base; path = Base.lproj/LaunchScreen.storyboard; sourceTree = "<group>"; };
		E77952DC289FC908003771BE /* Info.plist */ = {isa = PBXFileReference; lastKnownFileType = text.plist.xml; path = Info.plist; sourceTree = "<group>"; };
		E77952ED289FDED6003771BE /* UIViewController+.swift */ = {isa = PBXFileReference; lastKnownFileType = sourcecode.swift; path = "UIViewController+.swift"; sourceTree = "<group>"; };
		E77952EF289FDF51003771BE /* UITableView+.swift */ = {isa = PBXFileReference; lastKnownFileType = sourcecode.swift; path = "UITableView+.swift"; sourceTree = "<group>"; };
		E77952F1289FDFD2003771BE /* UIView+.swift */ = {isa = PBXFileReference; lastKnownFileType = sourcecode.swift; path = "UIView+.swift"; sourceTree = "<group>"; };
		E779E79C28C787CA0047026B /* FPViewController.swift */ = {isa = PBXFileReference; lastKnownFileType = sourcecode.swift; path = FPViewController.swift; sourceTree = "<group>"; };
		E779E79E28C787DB0047026B /* FPViewModel.swift */ = {isa = PBXFileReference; lastKnownFileType = sourcecode.swift; path = FPViewModel.swift; sourceTree = "<group>"; };
		E779E7A128C788460047026B /* HomeViewModel.swift */ = {isa = PBXFileReference; lastKnownFileType = sourcecode.swift; path = HomeViewModel.swift; sourceTree = "<group>"; };
		E779E7A428C789660047026B /* GetNearbyMerchantResponse.swift */ = {isa = PBXFileReference; lastKnownFileType = sourcecode.swift; path = GetNearbyMerchantResponse.swift; sourceTree = "<group>"; };
		E779E7A728C789E30047026B /* ProductCategory.swift */ = {isa = PBXFileReference; lastKnownFileType = sourcecode.swift; path = ProductCategory.swift; sourceTree = "<group>"; };
		E779E7A928C78ACC0047026B /* HomeSection.swift */ = {isa = PBXFileReference; lastKnownFileType = sourcecode.swift; path = HomeSection.swift; sourceTree = "<group>"; };
		E779E7AB28C78B200047026B /* MerchantItem.swift */ = {isa = PBXFileReference; lastKnownFileType = sourcecode.swift; path = MerchantItem.swift; sourceTree = "<group>"; };
		E779E7AF28C78B930047026B /* FPAddress.swift */ = {isa = PBXFileReference; lastKnownFileType = sourcecode.swift; path = FPAddress.swift; sourceTree = "<group>"; };
		E779E7B128C78C9A0047026B /* ResponseCode.swift */ = {isa = PBXFileReference; lastKnownFileType = sourcecode.swift; path = ResponseCode.swift; sourceTree = "<group>"; };
		E779E7B328C790500047026B /* FPLocation.swift */ = {isa = PBXFileReference; lastKnownFileType = sourcecode.swift; path = FPLocation.swift; sourceTree = "<group>"; };
		E779E7B528C7A5F20047026B /* Endpoints.swift */ = {isa = PBXFileReference; lastKnownFileType = sourcecode.swift; path = Endpoints.swift; sourceTree = "<group>"; };
		E786B5E628CA433E00EE1849 /* UIEncodable+.swift */ = {isa = PBXFileReference; lastKnownFileType = sourcecode.swift; path = "UIEncodable+.swift"; sourceTree = "<group>"; };
		E786B5E828CA4C6B00EE1849 /* Rx+.swift */ = {isa = PBXFileReference; lastKnownFileType = sourcecode.swift; path = "Rx+.swift"; sourceTree = "<group>"; };
		E786B5EA28CA4DC500EE1849 /* GetUserCurrentLocationResponse.swift */ = {isa = PBXFileReference; lastKnownFileType = sourcecode.swift; path = GetUserCurrentLocationResponse.swift; sourceTree = "<group>"; };
		E78EF7A428D562FC00F50053 /* ProductInfoCell.swift */ = {isa = PBXFileReference; lastKnownFileType = sourcecode.swift; path = ProductInfoCell.swift; sourceTree = "<group>"; };
		E78EF7A528D562FC00F50053 /* ProductInfoCell.xib */ = {isa = PBXFileReference; lastKnownFileType = file.xib; path = ProductInfoCell.xib; sourceTree = "<group>"; };
		E78EF7C628D5D54200F50053 /* ProductAttributeHeader.swift */ = {isa = PBXFileReference; lastKnownFileType = sourcecode.swift; path = ProductAttributeHeader.swift; sourceTree = "<group>"; };
		E78EF7C828D5D55600F50053 /* ProductAttributeHeader.xib */ = {isa = PBXFileReference; lastKnownFileType = file.xib; path = ProductAttributeHeader.xib; sourceTree = "<group>"; };
		E78EF7CA28D5EA8C00F50053 /* UserCart.swift */ = {isa = PBXFileReference; lastKnownFileType = sourcecode.swift; path = UserCart.swift; sourceTree = "<group>"; };
		E78EF7CC28D60F7900F50053 /* ProductOptionCell.swift */ = {isa = PBXFileReference; lastKnownFileType = sourcecode.swift; path = ProductOptionCell.swift; sourceTree = "<group>"; };
		E78EF7CD28D60F7900F50053 /* ProductOptionCell.xib */ = {isa = PBXFileReference; lastKnownFileType = file.xib; path = ProductOptionCell.xib; sourceTree = "<group>"; };
		E78EF7D028D6365500F50053 /* UIColor+.swift */ = {isa = PBXFileReference; lastKnownFileType = sourcecode.swift; path = "UIColor+.swift"; sourceTree = "<group>"; };
		E79D13F728A2A35800456710 /* LoginResponse.swift */ = {isa = PBXFileReference; lastKnownFileType = sourcecode.swift; path = LoginResponse.swift; sourceTree = "<group>"; };
		E7B02DAA28D4DF3000CE8D30 /* ProductDetailViewController.swift */ = {isa = PBXFileReference; lastKnownFileType = sourcecode.swift; path = ProductDetailViewController.swift; sourceTree = "<group>"; };
		E7B02DAB28D4DF3000CE8D30 /* ProductDetailViewController.xib */ = {isa = PBXFileReference; lastKnownFileType = file.xib; path = ProductDetailViewController.xib; sourceTree = "<group>"; };
		E7B02DAE28D4E2CE00CE8D30 /* ProductDetailViewModel.swift */ = {isa = PBXFileReference; lastKnownFileType = sourcecode.swift; path = ProductDetailViewModel.swift; sourceTree = "<group>"; };
		E7BF448328C503410025D5CE /* Auth.storyboard */ = {isa = PBXFileReference; lastKnownFileType = file.storyboard; path = Auth.storyboard; sourceTree = "<group>"; };
		E7BF448528C503980025D5CE /* LoginViewController.swift */ = {isa = PBXFileReference; lastKnownFileType = sourcecode.swift; path = LoginViewController.swift; sourceTree = "<group>"; };
		E7BF448728C503A80025D5CE /* LoginViewModel.swift */ = {isa = PBXFileReference; lastKnownFileType = sourcecode.swift; path = LoginViewModel.swift; sourceTree = "<group>"; };
		E7BF448A28C50B140025D5CE /* UIStoryboard+.swift */ = {isa = PBXFileReference; lastKnownFileType = sourcecode.swift; path = "UIStoryboard+.swift"; sourceTree = "<group>"; };
		E7BF449628C50DA30025D5CE /* UIApplication+.swift */ = {isa = PBXFileReference; lastKnownFileType = sourcecode.swift; path = "UIApplication+.swift"; sourceTree = "<group>"; };
		E7C6F5E228D71FA9007382BC /* ItemNumView.swift */ = {isa = PBXFileReference; lastKnownFileType = sourcecode.swift; path = ItemNumView.swift; sourceTree = "<group>"; };
		E7C6F5E428D71FD6007382BC /* ItemNumView.xib */ = {isa = PBXFileReference; lastKnownFileType = file.xib; path = ItemNumView.xib; sourceTree = "<group>"; };
		E7C8D7F828CC9F6500E2DD2F /* ProductCategoryCollectionCell.xib */ = {isa = PBXFileReference; fileEncoding = 4; lastKnownFileType = file.xib; path = ProductCategoryCollectionCell.xib; sourceTree = "<group>"; };
		E7C8D7F928CC9F6500E2DD2F /* ProductCategoryCollectionCell.swift */ = {isa = PBXFileReference; fileEncoding = 4; lastKnownFileType = sourcecode.swift; path = ProductCategoryCollectionCell.swift; sourceTree = "<group>"; };
		E7C8D7FC28CC9F9E00E2DD2F /* ProductCategoryCell.xib */ = {isa = PBXFileReference; fileEncoding = 4; lastKnownFileType = file.xib; path = ProductCategoryCell.xib; sourceTree = "<group>"; };
		E7C8D7FD28CC9F9F00E2DD2F /* ProductCategoryCell.swift */ = {isa = PBXFileReference; fileEncoding = 4; lastKnownFileType = sourcecode.swift; path = ProductCategoryCell.swift; sourceTree = "<group>"; };
		E7C8D80028CCA4F300E2DD2F /* UICollectionView+.swift */ = {isa = PBXFileReference; lastKnownFileType = sourcecode.swift; path = "UICollectionView+.swift"; sourceTree = "<group>"; };
		E7C8D80228CCA67D00E2DD2F /* Draft.swift */ = {isa = PBXFileReference; lastKnownFileType = sourcecode.swift; path = Draft.swift; sourceTree = "<group>"; };
		E7C8D80428CDFA2D00E2DD2F /* HomeSectionCell.swift */ = {isa = PBXFileReference; lastKnownFileType = sourcecode.swift; path = HomeSectionCell.swift; sourceTree = "<group>"; };
		E7C8D80528CDFA2D00E2DD2F /* HomeSectionCell.xib */ = {isa = PBXFileReference; lastKnownFileType = file.xib; path = HomeSectionCell.xib; sourceTree = "<group>"; };
		E7C8D80828CDFD8E00E2DD2F /* MerchantItemCVCell.swift */ = {isa = PBXFileReference; lastKnownFileType = sourcecode.swift; path = MerchantItemCVCell.swift; sourceTree = "<group>"; };
		E7C8D80928CDFD8E00E2DD2F /* MerchantItemCVCell.xib */ = {isa = PBXFileReference; lastKnownFileType = file.xib; path = MerchantItemCVCell.xib; sourceTree = "<group>"; };
		E7DC71B728CAF90D00F4E421 /* GetCategoriesResponse.swift */ = {isa = PBXFileReference; lastKnownFileType = sourcecode.swift; path = GetCategoriesResponse.swift; sourceTree = "<group>"; };
		E7DC71B928CAF96A00F4E421 /* GetHomeSectionResponse.swift */ = {isa = PBXFileReference; lastKnownFileType = sourcecode.swift; path = GetHomeSectionResponse.swift; sourceTree = "<group>"; };
		E7DC71BB28CB177B00F4E421 /* UserRepo.swift */ = {isa = PBXFileReference; lastKnownFileType = sourcecode.swift; path = UserRepo.swift; sourceTree = "<group>"; };
/* End PBXFileReference section */

/* Begin PBXFrameworksBuildPhase section */
		E77952C8289FC906003771BE /* Frameworks */ = {
			isa = PBXFrameworksBuildPhase;
			buildActionMask = 2147483647;
			files = (
				F64192AFF4C2C4AA7DC42E70 /* Pods_FPEU.framework in Frameworks */,
			);
			runOnlyForDeploymentPostprocessing = 0;
		};
/* End PBXFrameworksBuildPhase section */

/* Begin PBXGroup section */
		433D73DA98425DE5B08729FB /* Pods */ = {
			isa = PBXGroup;
			children = (
				893BE6A203F565647045C9B5 /* Pods-FPEU.debug.xcconfig */,
				B331BAD539145C2923AFB432 /* Pods-FPEU.release.xcconfig */,
			);
			path = Pods;
			sourceTree = "<group>";
		};
		4CAE865612A500553C7CB7E9 /* Frameworks */ = {
			isa = PBXGroup;
			children = (
				D41C2D0B5E0DA5ED4684FF77 /* Pods_FPEU.framework */,
			);
			name = Frameworks;
			sourceTree = "<group>";
		};
		E70E28D328D21F52001A756A /* Response */ = {
			isa = PBXGroup;
			children = (
				E70E28D528D21FA7001A756A /* GetMenuResponse.swift */,
				E70E28D728D21FB1001A756A /* GetProductResponse.swift */,
			);
			path = Response;
			sourceTree = "<group>";
		};
		E715459D28CF938400B342ED /* Merchant */ = {
			isa = PBXGroup;
			children = (
				E70E28D328D21F52001A756A /* Response */,
				E7331F5328D0351D00B07F96 /* Cell */,
				E715459E28CF939E00B342ED /* MerchantViewController.swift */,
				E715459F28CF939E00B342ED /* MerchantViewController.xib */,
				E70E28CD28D21B98001A756A /* MerchantViewModel.swift */,
			);
			path = Merchant;
			sourceTree = "<group>";
		};
		E7331F5328D0351D00B07F96 /* Cell */ = {
			isa = PBXGroup;
			children = (
				E7331F5828D03DA700B07F96 /* MerchantInfoCell.swift */,
				E7331F5928D03DA700B07F96 /* MerchantInfoCell.xib */,
				E72AD02A28D3567C002484FF /* ProductItemCell.swift */,
				E72AD02B28D3567C002484FF /* ProductItemCell.xib */,
			);
			path = Cell;
			sourceTree = "<group>";
		};
		E7331F8028D0C3C400B07F96 /* Views */ = {
			isa = PBXGroup;
			children = (
				E7C6F5E128D71F77007382BC /* ItemNumView */,
				E7C6F5A628D6D8C2007382BC /* Chips */,
			);
			path = Views;
			sourceTree = "<group>";
		};
		E733F03128D8BB62009E5DF2 /* CartDetail */ = {
			isa = PBXGroup;
			children = (
				E733F03928D8C3C2009E5DF2 /* Cell */,
				E733F03428D8BBB0009E5DF2 /* CartDetailViewController.xib */,
				E733F03328D8BBB0009E5DF2 /* CartDetailViewController.swift */,
				E733F03728D8C12A009E5DF2 /* CartDetailViewModel.swift */,
			);
			path = CartDetail;
			sourceTree = "<group>";
		};
		E733F03928D8C3C2009E5DF2 /* Cell */ = {
			isa = PBXGroup;
			children = (
				E733F03A28D8C3D8009E5DF2 /* OrderedProductCell.swift */,
				E733F03B28D8C3D8009E5DF2 /* OrderedProductCell.xib */,
			);
			path = Cell;
			sourceTree = "<group>";
		};
		E733F03E28D8D15D009E5DF2 /* Checkin */ = {
			isa = PBXGroup;
			children = (
				E75AD70428DA032E007D1C2F /* Cell */,
				E75AD70028DA0306007D1C2F /* CheckInViewController.swift */,
				E75AD70128DA0306007D1C2F /* CheckInViewController.xib */,
				E75AD70928DA13D7007D1C2F /* CheckInViewModel.swift */,
			);
			path = Checkin;
			sourceTree = "<group>";
		};
		E750DA5028A1516700B3E345 /* Network */ = {
			isa = PBXGroup;
			children = (
				E750DA6C28A16A8D00B3E345 /* FPNetwork.swift */,
				E750DA6E28A16CFA00B3E345 /* ServiceUrl.swift */,
				E750DA7228A1703200B3E345 /* FPBaseResponse.swift */,
				E750DA7628A1781100B3E345 /* NetworkError.swift */,
				E779E7B128C78C9A0047026B /* ResponseCode.swift */,
				E779E7B528C7A5F20047026B /* Endpoints.swift */,
			);
			path = Network;
			sourceTree = "<group>";
		};
		E750DA6528A1683E00B3E345 /* UIKit */ = {
			isa = PBXGroup;
			children = (
				E78EF7D028D6365500F50053 /* UIColor+.swift */,
				E7BF448A28C50B140025D5CE /* UIStoryboard+.swift */,
				E77952ED289FDED6003771BE /* UIViewController+.swift */,
				E77952EF289FDF51003771BE /* UITableView+.swift */,
				E77952F1289FDFD2003771BE /* UIView+.swift */,
				E7C8D80028CCA4F300E2DD2F /* UICollectionView+.swift */,
			);
			path = UIKit;
			sourceTree = "<group>";
		};
		E750DA6628A1687D00B3E345 /* Foundation */ = {
			isa = PBXGroup;
			children = (
				E7372FA228CE575A0033E3E4 /* Double+.swift */,
				E750DA6A28A1697B00B3E345 /* Optional+.swift */,
				E750DA7028A16E0500B3E345 /* String+.swift */,
				E750DA7428A1730A00B3E345 /* NotificationName+.swift */,
				E7BF449628C50DA30025D5CE /* UIApplication+.swift */,
				E786B5E628CA433E00EE1849 /* UIEncodable+.swift */,
			);
			path = Foundation;
			sourceTree = "<group>";
		};
		E750DA6728A1689000B3E345 /* Utils */ = {
			isa = PBXGroup;
			children = (
				E750DA6828A168E100B3E345 /* UserDataDefaults.swift */,
				E72AD02E28D37913002484FF /* GPSUtils.swift */,
			);
			path = Utils;
			sourceTree = "<group>";
		};
		E75AD70428DA032E007D1C2F /* Cell */ = {
			isa = PBXGroup;
			children = (
				E75AD70528DA0351007D1C2F /* CheckInAddressCell.swift */,
				E75AD70628DA0351007D1C2F /* CheckInAddressCell.xib */,
				E75AD70B28DA2280007D1C2F /* PaymentDetailCell.swift */,
				E75AD70C28DA2280007D1C2F /* PaymentDetailCell.xib */,
			);
			path = Cell;
			sourceTree = "<group>";
		};
		E76CF4D428A3F6B500F04ABD /* Stomp */ = {
			isa = PBXGroup;
			children = (
			);
			path = Stomp;
			sourceTree = "<group>";
		};
		E77952C2289FC906003771BE = {
			isa = PBXGroup;
			children = (
				E77952CD289FC906003771BE /* FPEU */,
				E77952CC289FC906003771BE /* Products */,
				433D73DA98425DE5B08729FB /* Pods */,
				4CAE865612A500553C7CB7E9 /* Frameworks */,
			);
			sourceTree = "<group>";
		};
		E77952CC289FC906003771BE /* Products */ = {
			isa = PBXGroup;
			children = (
				E77952CB289FC906003771BE /* FPEU.app */,
			);
			name = Products;
			sourceTree = "<group>";
		};
		E77952CD289FC906003771BE /* FPEU */ = {
			isa = PBXGroup;
			children = (
				E786B5EC28CA57D500EE1849 /* Repo */,
				E7BF448928C5083D0025D5CE /* UIComponent */,
				E76CF4D428A3F6B500F04ABD /* Stomp */,
				E750DA6728A1689000B3E345 /* Utils */,
				E750DA5028A1516700B3E345 /* Network */,
				E77952EC289FDD83003771BE /* Extensions */,
				E79D13F428A2A32300456710 /* Features */,
				E77952CE289FC906003771BE /* AppDelegate.swift */,
				E77952D0289FC906003771BE /* SceneDelegate.swift */,
				E77952D7289FC908003771BE /* Assets.xcassets */,
				E77952D9289FC908003771BE /* LaunchScreen.storyboard */,
				E77952DC289FC908003771BE /* Info.plist */,
			);
			path = FPEU;
			sourceTree = "<group>";
		};
		E77952EC289FDD83003771BE /* Extensions */ = {
			isa = PBXGroup;
			children = (
				E750DA6628A1687D00B3E345 /* Foundation */,
				E750DA6528A1683E00B3E345 /* UIKit */,
				E786B5E828CA4C6B00EE1849 /* Rx+.swift */,
			);
			path = Extensions;
			sourceTree = "<group>";
		};
		E779E79B28C787A60047026B /* Base */ = {
			isa = PBXGroup;
			children = (
				E7331F8028D0C3C400B07F96 /* Views */,
				E779E7A628C789D40047026B /* Model */,
				E779E79C28C787CA0047026B /* FPViewController.swift */,
				E779E79E28C787DB0047026B /* FPViewModel.swift */,
			);
			path = Base;
			sourceTree = "<group>";
		};
		E779E7A028C787E90047026B /* Home */ = {
			isa = PBXGroup;
			children = (
				E7C8D7F728CC9F2600E2DD2F /* Cell */,
				E779E7A328C789570047026B /* Model */,
				E77952D2289FC906003771BE /* HomeViewController.swift */,
				E779E7A128C788460047026B /* HomeViewModel.swift */,
				E77952D4289FC906003771BE /* Main.storyboard */,
				E7C8D80228CCA67D00E2DD2F /* Draft.swift */,
			);
			path = Home;
			sourceTree = "<group>";
		};
		E779E7A328C789570047026B /* Model */ = {
			isa = PBXGroup;
			children = (
				E779E7A428C789660047026B /* GetNearbyMerchantResponse.swift */,
				E786B5EA28CA4DC500EE1849 /* GetUserCurrentLocationResponse.swift */,
				E7DC71B728CAF90D00F4E421 /* GetCategoriesResponse.swift */,
				E7DC71B928CAF96A00F4E421 /* GetHomeSectionResponse.swift */,
				E715459B28CF892700B342ED /* GetHomeBannerResponse.swift */,
			);
			path = Model;
			sourceTree = "<group>";
		};
		E779E7A628C789D40047026B /* Model */ = {
			isa = PBXGroup;
			children = (
				E779E7A728C789E30047026B /* ProductCategory.swift */,
				E779E7A928C78ACC0047026B /* HomeSection.swift */,
				E779E7AB28C78B200047026B /* MerchantItem.swift */,
				E779E7AF28C78B930047026B /* FPAddress.swift */,
				E779E7B328C790500047026B /* FPLocation.swift */,
				E715459928CF848000B342ED /* HomeBanner.swift */,
				E70E28CF28D21DAE001A756A /* MerchantMenu.swift */,
				E70E28D128D21E48001A756A /* MerchantProduct.swift */,
				E78EF7CA28D5EA8C00F50053 /* UserCart.swift */,
			);
			path = Model;
			sourceTree = "<group>";
		};
		E786B5EC28CA57D500EE1849 /* Repo */ = {
			isa = PBXGroup;
			children = (
				E7DC71BB28CB177B00F4E421 /* UserRepo.swift */,
			);
			path = Repo;
			sourceTree = "<group>";
		};
		E78EF7A328D5629600F50053 /* Cell */ = {
			isa = PBXGroup;
			children = (
				E78EF7A428D562FC00F50053 /* ProductInfoCell.swift */,
				E78EF7A528D562FC00F50053 /* ProductInfoCell.xib */,
				E78EF7C628D5D54200F50053 /* ProductAttributeHeader.swift */,
				E78EF7C828D5D55600F50053 /* ProductAttributeHeader.xib */,
				E78EF7CC28D60F7900F50053 /* ProductOptionCell.swift */,
				E78EF7CD28D60F7900F50053 /* ProductOptionCell.xib */,
			);
			path = Cell;
			sourceTree = "<group>";
		};
		E79D13F428A2A32300456710 /* Features */ = {
			isa = PBXGroup;
			children = (
				E779E79B28C787A60047026B /* Base */,
				E733F03E28D8D15D009E5DF2 /* Checkin */,
				E7B02DA928D4DE3A00CE8D30 /* ProductDetail */,
				E733F03128D8BB62009E5DF2 /* CartDetail */,
				E715459D28CF938400B342ED /* Merchant */,
				E779E7A028C787E90047026B /* Home */,
				E79D13F528A2A32F00456710 /* Auth */,
			);
			path = Features;
			sourceTree = "<group>";
		};
		E79D13F528A2A32F00456710 /* Auth */ = {
			isa = PBXGroup;
			children = (
				E79D13F628A2A33C00456710 /* Model */,
				E7BF448328C503410025D5CE /* Auth.storyboard */,
				E7BF448528C503980025D5CE /* LoginViewController.swift */,
				E7BF448728C503A80025D5CE /* LoginViewModel.swift */,
			);
			path = Auth;
			sourceTree = "<group>";
		};
		E79D13F628A2A33C00456710 /* Model */ = {
			isa = PBXGroup;
			children = (
				E79D13F728A2A35800456710 /* LoginResponse.swift */,
			);
			path = Model;
			sourceTree = "<group>";
		};
		E7B02DA928D4DE3A00CE8D30 /* ProductDetail */ = {
			isa = PBXGroup;
			children = (
				E78EF7A328D5629600F50053 /* Cell */,
				E7B02DAB28D4DF3000CE8D30 /* ProductDetailViewController.xib */,
				E7B02DAA28D4DF3000CE8D30 /* ProductDetailViewController.swift */,
				E7B02DAE28D4E2CE00CE8D30 /* ProductDetailViewModel.swift */,
			);
			path = ProductDetail;
			sourceTree = "<group>";
		};
		E7BF448928C5083D0025D5CE /* UIComponent */ = {
			isa = PBXGroup;
			children = (
			);
			path = UIComponent;
			sourceTree = "<group>";
		};
		E7C6F5A628D6D8C2007382BC /* Chips */ = {
			isa = PBXGroup;
			children = (
				E7331F8128D0C5FE00B07F96 /* ChipCollectionView.swift */,
				E7331F8528D0C77C00B07F96 /* Chip.swift */,
				E7331F8B28D0E5B700B07F96 /* ChipCell.swift */,
				E7331F8C28D0E5B700B07F96 /* ChipCell.xib */,
			);
			path = Chips;
			sourceTree = "<group>";
		};
		E7C6F5E128D71F77007382BC /* ItemNumView */ = {
			isa = PBXGroup;
			children = (
				E7C6F5E228D71FA9007382BC /* ItemNumView.swift */,
				E7C6F5E428D71FD6007382BC /* ItemNumView.xib */,
			);
			path = ItemNumView;
			sourceTree = "<group>";
		};
		E7C8D7F728CC9F2600E2DD2F /* Cell */ = {
			isa = PBXGroup;
			children = (
				E7C8D7FD28CC9F9F00E2DD2F /* ProductCategoryCell.swift */,
				E7C8D7FC28CC9F9E00E2DD2F /* ProductCategoryCell.xib */,
				E7C8D7F928CC9F6500E2DD2F /* ProductCategoryCollectionCell.swift */,
				E7C8D7F828CC9F6500E2DD2F /* ProductCategoryCollectionCell.xib */,
				E7C8D80428CDFA2D00E2DD2F /* HomeSectionCell.swift */,
				E7C8D80528CDFA2D00E2DD2F /* HomeSectionCell.xib */,
				E7C8D80828CDFD8E00E2DD2F /* MerchantItemCVCell.swift */,
				E7C8D80928CDFD8E00E2DD2F /* MerchantItemCVCell.xib */,
				E7372F9A28CE3FB90033E3E4 /* HomeSectionFooterView.swift */,
				E7372F9B28CE3FB90033E3E4 /* HomeSectionFooterView.xib */,
				E7372F9E28CE49380033E3E4 /* MerchantItemTableViewCell.swift */,
				E7372F9F28CE49380033E3E4 /* MerchantItemTableViewCell.xib */,
				E715459128CF705E00B342ED /* TitleHeaderTableCell.swift */,
				E715459328CF708A00B342ED /* TitleHeaderTableCell.xib */,
				E715459528CF7D5D00B342ED /* HomeBannerTableViewCell.swift */,
				E715459628CF7D5D00B342ED /* HomeBannerTableViewCell.xib */,
			);
			path = Cell;
			sourceTree = "<group>";
		};
/* End PBXGroup section */

/* Begin PBXNativeTarget section */
		E77952CA289FC906003771BE /* FPEU */ = {
			isa = PBXNativeTarget;
			buildConfigurationList = E77952DF289FC908003771BE /* Build configuration list for PBXNativeTarget "FPEU" */;
			buildPhases = (
				52914D506ABD3E205C07A546 /* [CP] Check Pods Manifest.lock */,
				E77952C7289FC906003771BE /* Sources */,
				E77952C8289FC906003771BE /* Frameworks */,
				E77952C9289FC906003771BE /* Resources */,
				4CF4BC40147DCF122196F8E2 /* [CP] Embed Pods Frameworks */,
				1A7C712A04E6729647DCA5D8 /* [CP] Copy Pods Resources */,
			);
			buildRules = (
			);
			dependencies = (
			);
			name = FPEU;
			productName = FPEU;
			productReference = E77952CB289FC906003771BE /* FPEU.app */;
			productType = "com.apple.product-type.application";
		};
/* End PBXNativeTarget section */

/* Begin PBXProject section */
		E77952C3289FC906003771BE /* Project object */ = {
			isa = PBXProject;
			attributes = {
				BuildIndependentTargetsInParallel = 1;
				LastSwiftUpdateCheck = 1340;
				LastUpgradeCheck = 1340;
				TargetAttributes = {
					E77952CA289FC906003771BE = {
						CreatedOnToolsVersion = 13.4.1;
					};
				};
			};
			buildConfigurationList = E77952C6289FC906003771BE /* Build configuration list for PBXProject "FPEU" */;
			compatibilityVersion = "Xcode 13.0";
			developmentRegion = en;
			hasScannedForEncodings = 0;
			knownRegions = (
				en,
				Base,
			);
			mainGroup = E77952C2289FC906003771BE;
			productRefGroup = E77952CC289FC906003771BE /* Products */;
			projectDirPath = "";
			projectRoot = "";
			targets = (
				E77952CA289FC906003771BE /* FPEU */,
			);
		};
/* End PBXProject section */

/* Begin PBXResourcesBuildPhase section */
		E77952C9289FC906003771BE /* Resources */ = {
			isa = PBXResourcesBuildPhase;
			buildActionMask = 2147483647;
			files = (
				E7C6F5E528D71FD6007382BC /* ItemNumView.xib in Resources */,
				E7331F5B28D03DA700B07F96 /* MerchantInfoCell.xib in Resources */,
				E7331F8E28D0E5B700B07F96 /* ChipCell.xib in Resources */,
				E7372F9D28CE3FB90033E3E4 /* HomeSectionFooterView.xib in Resources */,
				E7B02DAD28D4DF3000CE8D30 /* ProductDetailViewController.xib in Resources */,
				E71545A128CF939E00B342ED /* MerchantViewController.xib in Resources */,
				E7C8D7FA28CC9F6500E2DD2F /* ProductCategoryCollectionCell.xib in Resources */,
				E715459828CF7D5D00B342ED /* HomeBannerTableViewCell.xib in Resources */,
				E7C8D80B28CDFD8E00E2DD2F /* MerchantItemCVCell.xib in Resources */,
				E78EF7CF28D60F7900F50053 /* ProductOptionCell.xib in Resources */,
				E715459428CF708A00B342ED /* TitleHeaderTableCell.xib in Resources */,
				E7BF448428C503410025D5CE /* Auth.storyboard in Resources */,
				E7C8D80728CDFA2D00E2DD2F /* HomeSectionCell.xib in Resources */,
				E77952DB289FC908003771BE /* LaunchScreen.storyboard in Resources */,
				E733F03628D8BBB0009E5DF2 /* CartDetailViewController.xib in Resources */,
				E75AD70E28DA2280007D1C2F /* PaymentDetailCell.xib in Resources */,
				E77952D8289FC908003771BE /* Assets.xcassets in Resources */,
				E7C8D7FE28CC9F9F00E2DD2F /* ProductCategoryCell.xib in Resources */,
				E7372FA128CE49380033E3E4 /* MerchantItemTableViewCell.xib in Resources */,
				E72AD02D28D3567C002484FF /* ProductItemCell.xib in Resources */,
				E78EF7A728D562FC00F50053 /* ProductInfoCell.xib in Resources */,
				E75AD70828DA0351007D1C2F /* CheckInAddressCell.xib in Resources */,
				E733F03D28D8C3D8009E5DF2 /* OrderedProductCell.xib in Resources */,
				E78EF7C928D5D55600F50053 /* ProductAttributeHeader.xib in Resources */,
				E75AD70328DA0306007D1C2F /* CheckInViewController.xib in Resources */,
				E77952D6289FC906003771BE /* Main.storyboard in Resources */,
			);
			runOnlyForDeploymentPostprocessing = 0;
		};
/* End PBXResourcesBuildPhase section */

/* Begin PBXShellScriptBuildPhase section */
		1A7C712A04E6729647DCA5D8 /* [CP] Copy Pods Resources */ = {
			isa = PBXShellScriptBuildPhase;
			buildActionMask = 2147483647;
			files = (
			);
			inputFileListPaths = (
				"${PODS_ROOT}/Target Support Files/Pods-FPEU/Pods-FPEU-resources-${CONFIGURATION}-input-files.xcfilelist",
			);
			name = "[CP] Copy Pods Resources";
			outputFileListPaths = (
				"${PODS_ROOT}/Target Support Files/Pods-FPEU/Pods-FPEU-resources-${CONFIGURATION}-output-files.xcfilelist",
			);
			runOnlyForDeploymentPostprocessing = 0;
			shellPath = /bin/sh;
			shellScript = "\"${PODS_ROOT}/Target Support Files/Pods-FPEU/Pods-FPEU-resources.sh\"\n";
			showEnvVarsInLog = 0;
		};
		4CF4BC40147DCF122196F8E2 /* [CP] Embed Pods Frameworks */ = {
			isa = PBXShellScriptBuildPhase;
			buildActionMask = 2147483647;
			files = (
			);
			inputFileListPaths = (
				"${PODS_ROOT}/Target Support Files/Pods-FPEU/Pods-FPEU-frameworks-${CONFIGURATION}-input-files.xcfilelist",
			);
			name = "[CP] Embed Pods Frameworks";
			outputFileListPaths = (
				"${PODS_ROOT}/Target Support Files/Pods-FPEU/Pods-FPEU-frameworks-${CONFIGURATION}-output-files.xcfilelist",
			);
			runOnlyForDeploymentPostprocessing = 0;
			shellPath = /bin/sh;
			shellScript = "\"${PODS_ROOT}/Target Support Files/Pods-FPEU/Pods-FPEU-frameworks.sh\"\n";
			showEnvVarsInLog = 0;
		};
		52914D506ABD3E205C07A546 /* [CP] Check Pods Manifest.lock */ = {
			isa = PBXShellScriptBuildPhase;
			buildActionMask = 2147483647;
			files = (
			);
			inputFileListPaths = (
			);
			inputPaths = (
				"${PODS_PODFILE_DIR_PATH}/Podfile.lock",
				"${PODS_ROOT}/Manifest.lock",
			);
			name = "[CP] Check Pods Manifest.lock";
			outputFileListPaths = (
			);
			outputPaths = (
				"$(DERIVED_FILE_DIR)/Pods-FPEU-checkManifestLockResult.txt",
			);
			runOnlyForDeploymentPostprocessing = 0;
			shellPath = /bin/sh;
			shellScript = "diff \"${PODS_PODFILE_DIR_PATH}/Podfile.lock\" \"${PODS_ROOT}/Manifest.lock\" > /dev/null\nif [ $? != 0 ] ; then\n    # print error to STDERR\n    echo \"error: The sandbox is not in sync with the Podfile.lock. Run 'pod install' or update your CocoaPods installation.\" >&2\n    exit 1\nfi\n# This output is used by Xcode 'outputs' to avoid re-running this script phase.\necho \"SUCCESS\" > \"${SCRIPT_OUTPUT_FILE_0}\"\n";
			showEnvVarsInLog = 0;
		};
/* End PBXShellScriptBuildPhase section */

/* Begin PBXSourcesBuildPhase section */
		E77952C7289FC906003771BE /* Sources */ = {
			isa = PBXSourcesBuildPhase;
			buildActionMask = 2147483647;
			files = (
				E786B5EB28CA4DC500EE1849 /* GetUserCurrentLocationResponse.swift in Sources */,
				E7C6F5E328D71FA9007382BC /* ItemNumView.swift in Sources */,
				E75AD70728DA0351007D1C2F /* CheckInAddressCell.swift in Sources */,
				E750DA7528A1730A00B3E345 /* NotificationName+.swift in Sources */,
				E78EF7A628D562FC00F50053 /* ProductInfoCell.swift in Sources */,
				E7DC71BC28CB177B00F4E421 /* UserRepo.swift in Sources */,
				E7331F8D28D0E5B700B07F96 /* ChipCell.swift in Sources */,
				E75AD70228DA0306007D1C2F /* CheckInViewController.swift in Sources */,
				E779E7A228C788460047026B /* HomeViewModel.swift in Sources */,
				E70E28D828D21FB1001A756A /* GetProductResponse.swift in Sources */,
				E750DA7728A1781100B3E345 /* NetworkError.swift in Sources */,
				E77952F2289FDFD2003771BE /* UIView+.swift in Sources */,
				E7331F8228D0C5FE00B07F96 /* ChipCollectionView.swift in Sources */,
				E779E7B628C7A5F20047026B /* Endpoints.swift in Sources */,
				E750DA6928A168E100B3E345 /* UserDataDefaults.swift in Sources */,
				E7C8D7FF28CC9F9F00E2DD2F /* ProductCategoryCell.swift in Sources */,
				E786B5E728CA433E00EE1849 /* UIEncodable+.swift in Sources */,
				E715459A28CF848000B342ED /* HomeBanner.swift in Sources */,
				E7372FA028CE49380033E3E4 /* MerchantItemTableViewCell.swift in Sources */,
				E7C8D80628CDFA2D00E2DD2F /* HomeSectionCell.swift in Sources */,
				E779E7B028C78B930047026B /* FPAddress.swift in Sources */,
				E7B02DAF28D4E2CE00CE8D30 /* ProductDetailViewModel.swift in Sources */,
				E750DA6D28A16A8D00B3E345 /* FPNetwork.swift in Sources */,
				E779E7B228C78C9A0047026B /* ResponseCode.swift in Sources */,
				E7C8D80128CCA4F300E2DD2F /* UICollectionView+.swift in Sources */,
				E715459C28CF892700B342ED /* GetHomeBannerResponse.swift in Sources */,
				E70E28D028D21DAE001A756A /* MerchantMenu.swift in Sources */,
				E75AD70D28DA2280007D1C2F /* PaymentDetailCell.swift in Sources */,
				E7331F8628D0C77C00B07F96 /* Chip.swift in Sources */,
				E78EF7D128D6365500F50053 /* UIColor+.swift in Sources */,
				E75AD70A28DA13D7007D1C2F /* CheckInViewModel.swift in Sources */,
				E70E28D228D21E48001A756A /* MerchantProduct.swift in Sources */,
				E750DA7328A1703200B3E345 /* FPBaseResponse.swift in Sources */,
				E7C8D80328CCA67D00E2DD2F /* Draft.swift in Sources */,
				E733F03828D8C12A009E5DF2 /* CartDetailViewModel.swift in Sources */,
				E779E7A828C789E30047026B /* ProductCategory.swift in Sources */,
				E7372FA328CE575A0033E3E4 /* Double+.swift in Sources */,
				E7DC71B828CAF90D00F4E421 /* GetCategoriesResponse.swift in Sources */,
				E72AD02F28D37913002484FF /* GPSUtils.swift in Sources */,
				E72AD02C28D3567C002484FF /* ProductItemCell.swift in Sources */,
				E78EF7C728D5D54200F50053 /* ProductAttributeHeader.swift in Sources */,
				E7B02DAC28D4DF3000CE8D30 /* ProductDetailViewController.swift in Sources */,
				E779E7AC28C78B200047026B /* MerchantItem.swift in Sources */,
				E779E79D28C787CA0047026B /* FPViewController.swift in Sources */,
				E77952D3289FC906003771BE /* HomeViewController.swift in Sources */,
				E779E7A528C789660047026B /* GetNearbyMerchantResponse.swift in Sources */,
				E70E28D628D21FA7001A756A /* GetMenuResponse.swift in Sources */,
				E750DA6B28A1697B00B3E345 /* Optional+.swift in Sources */,
				E715459228CF705E00B342ED /* TitleHeaderTableCell.swift in Sources */,
				E733F03528D8BBB0009E5DF2 /* CartDetailViewController.swift in Sources */,
				E77952CF289FC906003771BE /* AppDelegate.swift in Sources */,
				E733F03C28D8C3D8009E5DF2 /* OrderedProductCell.swift in Sources */,
				E77952EE289FDED6003771BE /* UIViewController+.swift in Sources */,
				E7372F9C28CE3FB90033E3E4 /* HomeSectionFooterView.swift in Sources */,
				E71545A028CF939E00B342ED /* MerchantViewController.swift in Sources */,
				E7BF448828C503A80025D5CE /* LoginViewModel.swift in Sources */,
				E7DC71BA28CAF96A00F4E421 /* GetHomeSectionResponse.swift in Sources */,
				E779E79F28C787DB0047026B /* FPViewModel.swift in Sources */,
				E750DA7128A16E0500B3E345 /* String+.swift in Sources */,
				E750DA6F28A16CFA00B3E345 /* ServiceUrl.swift in Sources */,
				E7C8D80A28CDFD8E00E2DD2F /* MerchantItemCVCell.swift in Sources */,
				E7BF448628C503980025D5CE /* LoginViewController.swift in Sources */,
				E7BF449728C50DA30025D5CE /* UIApplication+.swift in Sources */,
				E786B5E928CA4C6B00EE1849 /* Rx+.swift in Sources */,
				E70E28CE28D21B98001A756A /* MerchantViewModel.swift in Sources */,
				E7C8D7FB28CC9F6500E2DD2F /* ProductCategoryCollectionCell.swift in Sources */,
				E7331F5A28D03DA700B07F96 /* MerchantInfoCell.swift in Sources */,
				E7BF448B28C50B140025D5CE /* UIStoryboard+.swift in Sources */,
				E779E7AA28C78ACC0047026B /* HomeSection.swift in Sources */,
				E715459728CF7D5D00B342ED /* HomeBannerTableViewCell.swift in Sources */,
				E78EF7CE28D60F7900F50053 /* ProductOptionCell.swift in Sources */,
				E779E7B428C790500047026B /* FPLocation.swift in Sources */,
				E77952F0289FDF51003771BE /* UITableView+.swift in Sources */,
				E77952D1289FC906003771BE /* SceneDelegate.swift in Sources */,
				E78EF7CB28D5EA8C00F50053 /* UserCart.swift in Sources */,
				E79D13F828A2A35800456710 /* LoginResponse.swift in Sources */,
			);
			runOnlyForDeploymentPostprocessing = 0;
		};
/* End PBXSourcesBuildPhase section */

/* Begin PBXVariantGroup section */
		E77952D4289FC906003771BE /* Main.storyboard */ = {
			isa = PBXVariantGroup;
			children = (
				E77952D5289FC906003771BE /* Base */,
			);
			name = Main.storyboard;
			sourceTree = "<group>";
		};
		E77952D9289FC908003771BE /* LaunchScreen.storyboard */ = {
			isa = PBXVariantGroup;
			children = (
				E77952DA289FC908003771BE /* Base */,
			);
			name = LaunchScreen.storyboard;
			sourceTree = "<group>";
		};
/* End PBXVariantGroup section */

/* Begin XCBuildConfiguration section */
		E77952DD289FC908003771BE /* Debug */ = {
			isa = XCBuildConfiguration;
			buildSettings = {
				ALWAYS_SEARCH_USER_PATHS = NO;
				"ARCHS[sdk=iphonesimulator*]" = x86_64;
				CLANG_ANALYZER_NONNULL = YES;
				CLANG_ANALYZER_NUMBER_OBJECT_CONVERSION = YES_AGGRESSIVE;
				CLANG_CXX_LANGUAGE_STANDARD = "gnu++17";
				CLANG_ENABLE_MODULES = YES;
				CLANG_ENABLE_OBJC_ARC = YES;
				CLANG_ENABLE_OBJC_WEAK = YES;
				CLANG_WARN_BLOCK_CAPTURE_AUTORELEASING = YES;
				CLANG_WARN_BOOL_CONVERSION = YES;
				CLANG_WARN_COMMA = YES;
				CLANG_WARN_CONSTANT_CONVERSION = YES;
				CLANG_WARN_DEPRECATED_OBJC_IMPLEMENTATIONS = YES;
				CLANG_WARN_DIRECT_OBJC_ISA_USAGE = YES_ERROR;
				CLANG_WARN_DOCUMENTATION_COMMENTS = YES;
				CLANG_WARN_EMPTY_BODY = YES;
				CLANG_WARN_ENUM_CONVERSION = YES;
				CLANG_WARN_INFINITE_RECURSION = YES;
				CLANG_WARN_INT_CONVERSION = YES;
				CLANG_WARN_NON_LITERAL_NULL_CONVERSION = YES;
				CLANG_WARN_OBJC_IMPLICIT_RETAIN_SELF = YES;
				CLANG_WARN_OBJC_LITERAL_CONVERSION = YES;
				CLANG_WARN_OBJC_ROOT_CLASS = YES_ERROR;
				CLANG_WARN_QUOTED_INCLUDE_IN_FRAMEWORK_HEADER = YES;
				CLANG_WARN_RANGE_LOOP_ANALYSIS = YES;
				CLANG_WARN_STRICT_PROTOTYPES = YES;
				CLANG_WARN_SUSPICIOUS_MOVE = YES;
				CLANG_WARN_UNGUARDED_AVAILABILITY = YES_AGGRESSIVE;
				CLANG_WARN_UNREACHABLE_CODE = YES;
				CLANG_WARN__DUPLICATE_METHOD_MATCH = YES;
				COPY_PHASE_STRIP = NO;
				DEBUG_INFORMATION_FORMAT = dwarf;
				ENABLE_STRICT_OBJC_MSGSEND = YES;
				ENABLE_TESTABILITY = YES;
				GCC_C_LANGUAGE_STANDARD = gnu11;
				GCC_DYNAMIC_NO_PIC = NO;
				GCC_NO_COMMON_BLOCKS = YES;
				GCC_OPTIMIZATION_LEVEL = 0;
				GCC_PREPROCESSOR_DEFINITIONS = (
					"DEBUG=1",
					"$(inherited)",
				);
				GCC_WARN_64_TO_32_BIT_CONVERSION = YES;
				GCC_WARN_ABOUT_RETURN_TYPE = YES_ERROR;
				GCC_WARN_UNDECLARED_SELECTOR = YES;
				GCC_WARN_UNINITIALIZED_AUTOS = YES_AGGRESSIVE;
				GCC_WARN_UNUSED_FUNCTION = YES;
				GCC_WARN_UNUSED_VARIABLE = YES;
				IPHONEOS_DEPLOYMENT_TARGET = 14.0;
				MTL_ENABLE_DEBUG_INFO = INCLUDE_SOURCE;
				MTL_FAST_MATH = YES;
				ONLY_ACTIVE_ARCH = YES;
				SDKROOT = iphoneos;
				SWIFT_ACTIVE_COMPILATION_CONDITIONS = DEBUG;
				SWIFT_OPTIMIZATION_LEVEL = "-Onone";
			};
			name = Debug;
		};
		E77952DE289FC908003771BE /* Release */ = {
			isa = XCBuildConfiguration;
			buildSettings = {
				ALWAYS_SEARCH_USER_PATHS = NO;
				"ARCHS[sdk=iphonesimulator*]" = x86_64;
				CLANG_ANALYZER_NONNULL = YES;
				CLANG_ANALYZER_NUMBER_OBJECT_CONVERSION = YES_AGGRESSIVE;
				CLANG_CXX_LANGUAGE_STANDARD = "gnu++17";
				CLANG_ENABLE_MODULES = YES;
				CLANG_ENABLE_OBJC_ARC = YES;
				CLANG_ENABLE_OBJC_WEAK = YES;
				CLANG_WARN_BLOCK_CAPTURE_AUTORELEASING = YES;
				CLANG_WARN_BOOL_CONVERSION = YES;
				CLANG_WARN_COMMA = YES;
				CLANG_WARN_CONSTANT_CONVERSION = YES;
				CLANG_WARN_DEPRECATED_OBJC_IMPLEMENTATIONS = YES;
				CLANG_WARN_DIRECT_OBJC_ISA_USAGE = YES_ERROR;
				CLANG_WARN_DOCUMENTATION_COMMENTS = YES;
				CLANG_WARN_EMPTY_BODY = YES;
				CLANG_WARN_ENUM_CONVERSION = YES;
				CLANG_WARN_INFINITE_RECURSION = YES;
				CLANG_WARN_INT_CONVERSION = YES;
				CLANG_WARN_NON_LITERAL_NULL_CONVERSION = YES;
				CLANG_WARN_OBJC_IMPLICIT_RETAIN_SELF = YES;
				CLANG_WARN_OBJC_LITERAL_CONVERSION = YES;
				CLANG_WARN_OBJC_ROOT_CLASS = YES_ERROR;
				CLANG_WARN_QUOTED_INCLUDE_IN_FRAMEWORK_HEADER = YES;
				CLANG_WARN_RANGE_LOOP_ANALYSIS = YES;
				CLANG_WARN_STRICT_PROTOTYPES = YES;
				CLANG_WARN_SUSPICIOUS_MOVE = YES;
				CLANG_WARN_UNGUARDED_AVAILABILITY = YES_AGGRESSIVE;
				CLANG_WARN_UNREACHABLE_CODE = YES;
				CLANG_WARN__DUPLICATE_METHOD_MATCH = YES;
				COPY_PHASE_STRIP = NO;
				DEBUG_INFORMATION_FORMAT = "dwarf-with-dsym";
				ENABLE_NS_ASSERTIONS = NO;
				ENABLE_STRICT_OBJC_MSGSEND = YES;
				GCC_C_LANGUAGE_STANDARD = gnu11;
				GCC_NO_COMMON_BLOCKS = YES;
				GCC_WARN_64_TO_32_BIT_CONVERSION = YES;
				GCC_WARN_ABOUT_RETURN_TYPE = YES_ERROR;
				GCC_WARN_UNDECLARED_SELECTOR = YES;
				GCC_WARN_UNINITIALIZED_AUTOS = YES_AGGRESSIVE;
				GCC_WARN_UNUSED_FUNCTION = YES;
				GCC_WARN_UNUSED_VARIABLE = YES;
				IPHONEOS_DEPLOYMENT_TARGET = 14.0;
				MTL_ENABLE_DEBUG_INFO = NO;
				MTL_FAST_MATH = YES;
				SDKROOT = iphoneos;
				SWIFT_COMPILATION_MODE = wholemodule;
				SWIFT_OPTIMIZATION_LEVEL = "-O";
				VALIDATE_PRODUCT = YES;
			};
			name = Release;
		};
		E77952E0289FC908003771BE /* Debug */ = {
			isa = XCBuildConfiguration;
			baseConfigurationReference = 893BE6A203F565647045C9B5 /* Pods-FPEU.debug.xcconfig */;
			buildSettings = {
				ASSETCATALOG_COMPILER_APPICON_NAME = AppIcon;
				ASSETCATALOG_COMPILER_GLOBAL_ACCENT_COLOR_NAME = AccentColor;
				CODE_SIGN_STYLE = Automatic;
				CURRENT_PROJECT_VERSION = 1;
				DEVELOPMENT_TEAM = M5MM3VWR4K;
				GENERATE_INFOPLIST_FILE = YES;
				INFOPLIST_FILE = FPEU/Info.plist;
				INFOPLIST_KEY_NSLocationAlwaysAndWhenInUseUsageDescription = "Cho phép app sử dụng vị trí của bạn để giao hàng.";
				INFOPLIST_KEY_UIApplicationSupportsIndirectInputEvents = YES;
				INFOPLIST_KEY_UILaunchStoryboardName = LaunchScreen;
				INFOPLIST_KEY_UIMainStoryboardFile = Main;
				INFOPLIST_KEY_UISupportedInterfaceOrientations_iPad = "UIInterfaceOrientationPortrait UIInterfaceOrientationPortraitUpsideDown UIInterfaceOrientationLandscapeLeft UIInterfaceOrientationLandscapeRight";
				INFOPLIST_KEY_UISupportedInterfaceOrientations_iPhone = "UIInterfaceOrientationPortrait UIInterfaceOrientationLandscapeLeft UIInterfaceOrientationLandscapeRight";
				LD_RUNPATH_SEARCH_PATHS = (
					"$(inherited)",
					"@executable_path/Frameworks",
				);
				MARKETING_VERSION = 1.0;
				PRODUCT_BUNDLE_IDENTIFIER = com.sonnt.FPEU;
				PRODUCT_NAME = "$(TARGET_NAME)";
				SWIFT_EMIT_LOC_STRINGS = YES;
				SWIFT_VERSION = 5.0;
				TARGETED_DEVICE_FAMILY = "1,2";
			};
			name = Debug;
		};
		E77952E1289FC908003771BE /* Release */ = {
			isa = XCBuildConfiguration;
			baseConfigurationReference = B331BAD539145C2923AFB432 /* Pods-FPEU.release.xcconfig */;
			buildSettings = {
				ASSETCATALOG_COMPILER_APPICON_NAME = AppIcon;
				ASSETCATALOG_COMPILER_GLOBAL_ACCENT_COLOR_NAME = AccentColor;
				CODE_SIGN_STYLE = Automatic;
				CURRENT_PROJECT_VERSION = 1;
				DEVELOPMENT_TEAM = M5MM3VWR4K;
				GENERATE_INFOPLIST_FILE = YES;
				INFOPLIST_FILE = FPEU/Info.plist;
				INFOPLIST_KEY_NSLocationAlwaysAndWhenInUseUsageDescription = "Cho phép app sử dụng vị trí của bạn để giao hàng.";
				INFOPLIST_KEY_UIApplicationSupportsIndirectInputEvents = YES;
				INFOPLIST_KEY_UILaunchStoryboardName = LaunchScreen;
				INFOPLIST_KEY_UIMainStoryboardFile = Main;
				INFOPLIST_KEY_UISupportedInterfaceOrientations_iPad = "UIInterfaceOrientationPortrait UIInterfaceOrientationPortraitUpsideDown UIInterfaceOrientationLandscapeLeft UIInterfaceOrientationLandscapeRight";
				INFOPLIST_KEY_UISupportedInterfaceOrientations_iPhone = "UIInterfaceOrientationPortrait UIInterfaceOrientationLandscapeLeft UIInterfaceOrientationLandscapeRight";
				LD_RUNPATH_SEARCH_PATHS = (
					"$(inherited)",
					"@executable_path/Frameworks",
				);
				MARKETING_VERSION = 1.0;
				PRODUCT_BUNDLE_IDENTIFIER = com.sonnt.FPEU;
				PRODUCT_NAME = "$(TARGET_NAME)";
				SWIFT_EMIT_LOC_STRINGS = YES;
				SWIFT_VERSION = 5.0;
				TARGETED_DEVICE_FAMILY = "1,2";
			};
			name = Release;
		};
/* End XCBuildConfiguration section */

/* Begin XCConfigurationList section */
		E77952C6289FC906003771BE /* Build configuration list for PBXProject "FPEU" */ = {
			isa = XCConfigurationList;
			buildConfigurations = (
				E77952DD289FC908003771BE /* Debug */,
				E77952DE289FC908003771BE /* Release */,
			);
			defaultConfigurationIsVisible = 0;
			defaultConfigurationName = Release;
		};
		E77952DF289FC908003771BE /* Build configuration list for PBXNativeTarget "FPEU" */ = {
			isa = XCConfigurationList;
			buildConfigurations = (
				E77952E0289FC908003771BE /* Debug */,
				E77952E1289FC908003771BE /* Release */,
			);
			defaultConfigurationIsVisible = 0;
			defaultConfigurationName = Release;
		};
/* End XCConfigurationList section */
	};
	rootObject = E77952C3289FC906003771BE /* Project object */;
}
